// !$*UTF8*$!
{
	archiveVersion = 1;
	classes = {
	};
	objectVersion = 50;
	objects = {

/* Begin PBXBuildFile section */
		6644F780226364B0003319BC /* AppDelegate.swift in Sources */ = {isa = PBXBuildFile; fileRef = 6644F77F226364B0003319BC /* AppDelegate.swift */; };
		6644F782226364B0003319BC /* ViewController.swift in Sources */ = {isa = PBXBuildFile; fileRef = 6644F781226364B0003319BC /* ViewController.swift */; };
		6644F785226364B0003319BC /* Main.storyboard in Resources */ = {isa = PBXBuildFile; fileRef = 6644F783226364B0003319BC /* Main.storyboard */; };
		6644F787226364B6003319BC /* Assets.xcassets in Resources */ = {isa = PBXBuildFile; fileRef = 6644F786226364B6003319BC /* Assets.xcassets */; };
		6644F78A226364B6003319BC /* LaunchScreen.storyboard in Resources */ = {isa = PBXBuildFile; fileRef = 6644F788226364B6003319BC /* LaunchScreen.storyboard */; };
		6689553322636F690014C1B7 /* PrimeNunber.swift in Sources */ = {isa = PBXBuildFile; fileRef = 6689553222636F690014C1B7 /* PrimeNunber.swift */; };
		6689553522636F9A0014C1B7 /* IPresenter.swift in Sources */ = {isa = PBXBuildFile; fileRef = 6689553422636F9A0014C1B7 /* IPresenter.swift */; };
		6689553722636FA70014C1B7 /* Presenter.swift in Sources */ = {isa = PBXBuildFile; fileRef = 6689553622636FA70014C1B7 /* Presenter.swift */; };
		66895539226373400014C1B7 /* PrimeNumberCollectionViewCell.swift in Sources */ = {isa = PBXBuildFile; fileRef = 66895538226373400014C1B7 /* PrimeNumberCollectionViewCell.swift */; };
/* End PBXBuildFile section */

/* Begin PBXFileReference section */
		6644F77C226364B0003319BC /* SieveOfEratosthenes.app */ = {isa = PBXFileReference; explicitFileType = wrapper.application; includeInIndex = 0; path = SieveOfEratosthenes.app; sourceTree = BUILT_PRODUCTS_DIR; };
		6644F77F226364B0003319BC /* AppDelegate.swift */ = {isa = PBXFileReference; lastKnownFileType = sourcecode.swift; path = AppDelegate.swift; sourceTree = "<group>"; };
		6644F781226364B0003319BC /* ViewController.swift */ = {isa = PBXFileReference; lastKnownFileType = sourcecode.swift; path = ViewController.swift; sourceTree = "<group>"; };
		6644F784226364B0003319BC /* Base */ = {isa = PBXFileReference; lastKnownFileType = file.storyboard; name = Base; path = Base.lproj/Main.storyboard; sourceTree = "<group>"; };
		6644F786226364B6003319BC /* Assets.xcassets */ = {isa = PBXFileReference; lastKnownFileType = folder.assetcatalog; path = Assets.xcassets; sourceTree = "<group>"; };
		6644F789226364B6003319BC /* Base */ = {isa = PBXFileReference; lastKnownFileType = file.storyboard; name = Base; path = Base.lproj/LaunchScreen.storyboard; sourceTree = "<group>"; };
		6644F78B226364B6003319BC /* Info.plist */ = {isa = PBXFileReference; lastKnownFileType = text.plist.xml; path = Info.plist; sourceTree = "<group>"; };
		6689553222636F690014C1B7 /* PrimeNunber.swift */ = {isa = PBXFileReference; lastKnownFileType = sourcecode.swift; path = PrimeNunber.swift; sourceTree = "<group>"; };
		6689553422636F9A0014C1B7 /* IPresenter.swift */ = {isa = PBXFileReference; lastKnownFileType = sourcecode.swift; path = IPresenter.swift; sourceTree = "<group>"; };
		6689553622636FA70014C1B7 /* Presenter.swift */ = {isa = PBXFileReference; lastKnownFileType = sourcecode.swift; path = Presenter.swift; sourceTree = "<group>"; };
		66895538226373400014C1B7 /* PrimeNumberCollectionViewCell.swift */ = {isa = PBXFileReference; lastKnownFileType = sourcecode.swift; path = PrimeNumberCollectionViewCell.swift; sourceTree = "<group>"; };
/* End PBXFileReference section */

/* Begin PBXFrameworksBuildPhase section */
		6644F779226364B0003319BC /* Frameworks */ = {
			isa = PBXFrameworksBuildPhase;
			buildActionMask = 2147483647;
			files = (
			);
			runOnlyForDeploymentPostprocessing = 0;
		};
/* End PBXFrameworksBuildPhase section */

/* Begin PBXGroup section */
		6644F773226364B0003319BC = {
			isa = PBXGroup;
			children = (
				6644F77E226364B0003319BC /* SieveOfEratosthenes */,
				6644F77D226364B0003319BC /* Products */,
			);
			sourceTree = "<group>";
		};
		6644F77D226364B0003319BC /* Products */ = {
			isa = PBXGroup;
			children = (
				6644F77C226364B0003319BC /* SieveOfEratosthenes.app */,
			);
			name = Products;
			sourceTree = "<group>";
		};
		6644F77E226364B0003319BC /* SieveOfEratosthenes */ = {
			isa = PBXGroup;
			children = (
				6644F78B226364B6003319BC /* Info.plist */,
				6689552E22636EA50014C1B7 /* Model */,
				6689552F22636EB40014C1B7 /* View */,
				6689553022636EBB0014C1B7 /* Presenter */,
				6689553122636ECC0014C1B7 /* SupportFiles */,
			);
			path = SieveOfEratosthenes;
			sourceTree = "<group>";
		};
		6689552E22636EA50014C1B7 /* Model */ = {
			isa = PBXGroup;
			children = (
				6689553222636F690014C1B7 /* PrimeNunber.swift */,
			);
			path = Model;
			sourceTree = "<group>";
		};
		6689552F22636EB40014C1B7 /* View */ = {
			isa = PBXGroup;
			children = (
				6644F781226364B0003319BC /* ViewController.swift */,
				66895538226373400014C1B7 /* PrimeNumberCollectionViewCell.swift */,
				6644F783226364B0003319BC /* Main.storyboard */,
				6644F788226364B6003319BC /* LaunchScreen.storyboard */,
			);
			path = View;
			sourceTree = "<group>";
		};
		6689553022636EBB0014C1B7 /* Presenter */ = {
			isa = PBXGroup;
			children = (
				6689553422636F9A0014C1B7 /* IPresenter.swift */,
				6689553622636FA70014C1B7 /* Presenter.swift */,
			);
			path = Presenter;
			sourceTree = "<group>";
		};
		6689553122636ECC0014C1B7 /* SupportFiles */ = {
			isa = PBXGroup;
			children = (
				6644F77F226364B0003319BC /* AppDelegate.swift */,
				6644F786226364B6003319BC /* Assets.xcassets */,
			);
			path = SupportFiles;
			sourceTree = "<group>";
		};
/* End PBXGroup section */

/* Begin PBXNativeTarget section */
		6644F77B226364B0003319BC /* SieveOfEratosthenes */ = {
			isa = PBXNativeTarget;
			buildConfigurationList = 6644F78E226364B6003319BC /* Build configuration list for PBXNativeTarget "SieveOfEratosthenes" */;
			buildPhases = (
				6644F778226364B0003319BC /* Sources */,
				6644F779226364B0003319BC /* Frameworks */,
				6644F77A226364B0003319BC /* Resources */,
			);
			buildRules = (
			);
			dependencies = (
			);
			name = SieveOfEratosthenes;
			productName = SieveOfEratosthenes;
			productReference = 6644F77C226364B0003319BC /* SieveOfEratosthenes.app */;
			productType = "com.apple.product-type.application";
		};
/* End PBXNativeTarget section */

/* Begin PBXProject section */
		6644F774226364B0003319BC /* Project object */ = {
			isa = PBXProject;
			attributes = {
				LastSwiftUpdateCheck = 1020;
				LastUpgradeCheck = 1020;
				ORGANIZATIONNAME = "Georgy Dyagilev";
				TargetAttributes = {
					6644F77B226364B0003319BC = {
						CreatedOnToolsVersion = 10.2;
					};
				};
			};
			buildConfigurationList = 6644F777226364B0003319BC /* Build configuration list for PBXProject "SieveOfEratosthenes" */;
			compatibilityVersion = "Xcode 9.3";
			developmentRegion = en;
			hasScannedForEncodings = 0;
			knownRegions = (
				en,
				Base,
			);
			mainGroup = 6644F773226364B0003319BC;
			productRefGroup = 6644F77D226364B0003319BC /* Products */;
			projectDirPath = "";
			projectRoot = "";
			targets = (
				6644F77B226364B0003319BC /* SieveOfEratosthenes */,
			);
		};
/* End PBXProject section */

/* Begin PBXResourcesBuildPhase section */
		6644F77A226364B0003319BC /* Resources */ = {
			isa = PBXResourcesBuildPhase;
			buildActionMask = 2147483647;
			files = (
				6644F78A226364B6003319BC /* LaunchScreen.storyboard in Resources */,
				6644F787226364B6003319BC /* Assets.xcassets in Resources */,
				6644F785226364B0003319BC /* Main.storyboard in Resources */,
			);
			runOnlyForDeploymentPostprocessing = 0;
		};
/* End PBXResourcesBuildPhase section */

/* Begin PBXSourcesBuildPhase section */
		6644F778226364B0003319BC /* Sources */ = {
			isa = PBXSourcesBuildPhase;
			buildActionMask = 2147483647;
			files = (
				6689553522636F9A0014C1B7 /* IPresenter.swift in Sources */,
				6644F782226364B0003319BC /* ViewController.swift in Sources */,
				6644F780226364B0003319BC /* AppDelegate.swift in Sources */,
				66895539226373400014C1B7 /* PrimeNumberCollectionViewCell.swift in Sources */,
				6689553322636F690014C1B7 /* PrimeNunber.swift in Sources */,
				6689553722636FA70014C1B7 /* Presenter.swift in Sources */,
			);
			runOnlyForDeploymentPostprocessing = 0;
		};
/* End PBXSourcesBuildPhase section */

/* Begin PBXVariantGroup section */
		6644F783226364B0003319BC /* Main.storyboard */ = {
			isa = PBXVariantGroup;
			children = (
				6644F784226364B0003319BC /* Base */,
			);
			name = Main.storyboard;
			sourceTree = "<group>";
		};
		6644F788226364B6003319BC /* LaunchScreen.storyboard */ = {
			isa = PBXVariantGroup;
			children = (
				6644F789226364B6003319BC /* Base */,
			);
			name = LaunchScreen.storyboard;
			sourceTree = "<group>";
		};
/* End PBXVariantGroup section */

/* Begin XCBuildConfiguration section */
		6644F78C226364B6003319BC /* Debug */ = {
			isa = XCBuildConfiguration;
			buildSettings = {
				ALWAYS_SEARCH_USER_PATHS = NO;
				CLANG_ANALYZER_NONNULL = YES;
				CLANG_ANALYZER_NUMBER_OBJECT_CONVERSION = YES_AGGRESSIVE;
				CLANG_CXX_LANGUAGE_STANDARD = "gnu++14";
				CLANG_CXX_LIBRARY = "libc++";
				CLANG_ENABLE_MODULES = YES;
				CLANG_ENABLE_OBJC_ARC = YES;
				CLANG_ENABLE_OBJC_WEAK = YES;
				CLANG_WARN_BLOCK_CAPTURE_AUTORELEASING = YES;
				CLANG_WARN_BOOL_CONVERSION = YES;
				CLANG_WARN_COMMA = YES;
				CLANG_WARN_CONSTANT_CONVERSION = YES;
				CLANG_WARN_DEPRECATED_OBJC_IMPLEMENTATIONS = YES;
				CLANG_WARN_DIRECT_OBJC_ISA_USAGE = YES_ERROR;
				CLANG_WARN_DOCUMENTATION_COMMENTS = YES;
				CLANG_WARN_EMPTY_BODY = YES;
				CLANG_WARN_ENUM_CONVERSION = YES;
				CLANG_WARN_INFINITE_RECURSION = YES;
				CLANG_WARN_INT_CONVERSION = YES;
				CLANG_WARN_NON_LITERAL_NULL_CONVERSION = YES;
				CLANG_WARN_OBJC_IMPLICIT_RETAIN_SELF = YES;
				CLANG_WARN_OBJC_LITERAL_CONVERSION = YES;
				CLANG_WARN_OBJC_ROOT_CLASS = YES_ERROR;
				CLANG_WARN_RANGE_LOOP_ANALYSIS = YES;
				CLANG_WARN_STRICT_PROTOTYPES = YES;
				CLANG_WARN_SUSPICIOUS_MOVE = YES;
				CLANG_WARN_UNGUARDED_AVAILABILITY = YES_AGGRESSIVE;
				CLANG_WARN_UNREACHABLE_CODE = YES;
				CLANG_WARN__DUPLICATE_METHOD_MATCH = YES;
				CODE_SIGN_IDENTITY = "iPhone Developer";
				COPY_PHASE_STRIP = NO;
				DEBUG_INFORMATION_FORMAT = dwarf;
				ENABLE_STRICT_OBJC_MSGSEND = YES;
				ENABLE_TESTABILITY = YES;
				GCC_C_LANGUAGE_STANDARD = gnu11;
				GCC_DYNAMIC_NO_PIC = NO;
				GCC_NO_COMMON_BLOCKS = YES;
				GCC_OPTIMIZATION_LEVEL = 0;
				GCC_PREPROCESSOR_DEFINITIONS = (
					"DEBUG=1",
					"$(inherited)",
				);
				GCC_WARN_64_TO_32_BIT_CONVERSION = YES;
				GCC_WARN_ABOUT_RETURN_TYPE = YES_ERROR;
				GCC_WARN_UNDECLARED_SELECTOR = YES;
				GCC_WARN_UNINITIALIZED_AUTOS = YES_AGGRESSIVE;
				GCC_WARN_UNUSED_FUNCTION = YES;
				GCC_WARN_UNUSED_VARIABLE = YES;
				IPHONEOS_DEPLOYMENT_TARGET = 12.2;
				MTL_ENABLE_DEBUG_INFO = INCLUDE_SOURCE;
				MTL_FAST_MATH = YES;
				ONLY_ACTIVE_ARCH = YES;
				SDKROOT = iphoneos;
				SWIFT_ACTIVE_COMPILATION_CONDITIONS = DEBUG;
				SWIFT_OPTIMIZATION_LEVEL = "-Onone";
			};
			name = Debug;
		};
		6644F78D226364B6003319BC /* Release */ = {
			isa = XCBuildConfiguration;
			buildSettings = {
				ALWAYS_SEARCH_USER_PATHS = NO;
				CLANG_ANALYZER_NONNULL = YES;
				CLANG_ANALYZER_NUMBER_OBJECT_CONVERSION = YES_AGGRESSIVE;
				CLANG_CXX_LANGUAGE_STANDARD = "gnu++14";
				CLANG_CXX_LIBRARY = "libc++";
				CLANG_ENABLE_MODULES = YES;
				CLANG_ENABLE_OBJC_ARC = YES;
				CLANG_ENABLE_OBJC_WEAK = YES;
				CLANG_WARN_BLOCK_CAPTURE_AUTORELEASING = YES;
				CLANG_WARN_BOOL_CONVERSION = YES;
				CLANG_WARN_COMMA = YES;
				CLANG_WARN_CONSTANT_CONVERSION = YES;
				CLANG_WARN_DEPRECATED_OBJC_IMPLEMENTATIONS = YES;
				CLANG_WARN_DIRECT_OBJC_ISA_USAGE = YES_ERROR;
				CLANG_WARN_DOCUMENTATION_COMMENTS = YES;
				CLANG_WARN_EMPTY_BODY = YES;
				CLANG_WARN_ENUM_CONVERSION = YES;
				CLANG_WARN_INFINITE_RECURSION = YES;
				CLANG_WARN_INT_CONVERSION = YES;
				CLANG_WARN_NON_LITERAL_NULL_CONVERSION = YES;
				CLANG_WARN_OBJC_IMPLICIT_RETAIN_SELF = YES;
				CLANG_WARN_OBJC_LITERAL_CONVERSION = YES;
				CLANG_WARN_OBJC_ROOT_CLASS = YES_ERROR;
				CLANG_WARN_RANGE_LOOP_ANALYSIS = YES;
				CLANG_WARN_STRICT_PROTOTYPES = YES;
				CLANG_WARN_SUSPICIOUS_MOVE = YES;
				CLANG_WARN_UNGUARDED_AVAILABILITY = YES_AGGRESSIVE;
				CLANG_WARN_UNREACHABLE_CODE = YES;
				CLANG_WARN__DUPLICATE_METHOD_MATCH = YES;
				CODE_SIGN_IDENTITY = "iPhone Developer";
				COPY_PHASE_STRIP = NO;
				DEBUG_INFORMATION_FORMAT = "dwarf-with-dsym";
				ENABLE_NS_ASSERTIONS = NO;
				ENABLE_STRICT_OBJC_MSGSEND = YES;
				GCC_C_LANGUAGE_STANDARD = gnu11;
				GCC_NO_COMMON_BLOCKS = YES;
				GCC_WARN_64_TO_32_BIT_CONVERSION = YES;
				GCC_WARN_ABOUT_RETURN_TYPE = YES_ERROR;
				GCC_WARN_UNDECLARED_SELECTOR = YES;
				GCC_WARN_UNINITIALIZED_AUTOS = YES_AGGRESSIVE;
				GCC_WARN_UNUSED_FUNCTION = YES;
				GCC_WARN_UNUSED_VARIABLE = YES;
				IPHONEOS_DEPLOYMENT_TARGET = 12.2;
				MTL_ENABLE_DEBUG_INFO = NO;
				MTL_FAST_MATH = YES;
				SDKROOT = iphoneos;
				SWIFT_COMPILATION_MODE = wholemodule;
				SWIFT_OPTIMIZATION_LEVEL = "-O";
				VALIDATE_PRODUCT = YES;
			};
			name = Release;
		};
		6644F78F226364B6003319BC /* Debug */ = {
			isa = XCBuildConfiguration;
			buildSettings = {
				ASSETCATALOG_COMPILER_APPICON_NAME = AppIcon;
				CODE_SIGN_STYLE = Automatic;
				DEVELOPMENT_TEAM = R33FU4964X;
				INFOPLIST_FILE = SieveOfEratosthenes/Info.plist;
				LD_RUNPATH_SEARCH_PATHS = (
					"$(inherited)",
					"@executable_path/Frameworks",
				);
				PRODUCT_BUNDLE_IDENTIFIER = "Dyagilev-dev.SieveOfEratosthenes";
				PRODUCT_NAME = "$(TARGET_NAME)";
				SWIFT_VERSION = 5.0;
				TARGETED_DEVICE_FAMILY = "1,2";
			};
			name = Debug;
		};
		6644F790226364B6003319BC /* Release */ = {
			isa = XCBuildConfiguration;
			buildSettings = {
				ASSETCATALOG_COMPILER_APPICON_NAME = AppIcon;
				CODE_SIGN_STYLE = Automatic;
				DEVELOPMENT_TEAM = R33FU4964X;
				INFOPLIST_FILE = SieveOfEratosthenes/Info.plist;
				LD_RUNPATH_SEARCH_PATHS = (
					"$(inherited)",
					"@executable_path/Frameworks",
				);
				PRODUCT_BUNDLE_IDENTIFIER = "Dyagilev-dev.SieveOfEratosthenes";
				PRODUCT_NAME = "$(TARGET_NAME)";
				SWIFT_VERSION = 5.0;
				TARGETED_DEVICE_FAMILY = "1,2";
			};
			name = Release;
		};
/* End XCBuildConfiguration section */

/* Begin XCConfigurationList section */
		6644F777226364B0003319BC /* Build configuration list for PBXProject "SieveOfEratosthenes" */ = {
			isa = XCConfigurationList;
			buildConfigurations = (
				6644F78C226364B6003319BC /* Debug */,
				6644F78D226364B6003319BC /* Release */,
			);
			defaultConfigurationIsVisible = 0;
			defaultConfigurationName = Release;
		};
		6644F78E226364B6003319BC /* Build configuration list for PBXNativeTarget "SieveOfEratosthenes" */ = {
			isa = XCConfigurationList;
			buildConfigurations = (
				6644F78F226364B6003319BC /* Debug */,
				6644F790226364B6003319BC /* Release */,
			);
			defaultConfigurationIsVisible = 0;
			defaultConfigurationName = Release;
		};
/* End XCConfigurationList section */
	};
	rootObject = 6644F774226364B0003319BC /* Project object */;
}
